// !$*UTF8*$!
{
	archiveVersion = 1;
	classes = {
	};
	objectVersion = 56;
	objects = {

/* Begin PBXBuildFile section */
		95D2A9012AA67265007FA769 /* DayColumn.swift in Sources */ = {isa = PBXBuildFile; fileRef = 95D2A9002AA67265007FA769 /* DayColumn.swift */; };
		95D2A9042AA7D120007FA769 /* SwiftDate in Frameworks */ = {isa = PBXBuildFile; productRef = 95D2A9032AA7D120007FA769 /* SwiftDate */; };
		95D2A9072AA7D203007FA769 /* DateEnumerator.swift in Sources */ = {isa = PBXBuildFile; fileRef = 95D2A9062AA7D203007FA769 /* DateEnumerator.swift */; };
		95D2A9092AA7D94F007FA769 /* CalendarView.swift in Sources */ = {isa = PBXBuildFile; fileRef = 95D2A9082AA7D94F007FA769 /* CalendarView.swift */; };
		95D2A90B2AA7DC8B007FA769 /* SlotColumn.swift in Sources */ = {isa = PBXBuildFile; fileRef = 95D2A90A2AA7DC8B007FA769 /* SlotColumn.swift */; };
		95D2A90D2AA7DEBC007FA769 /* ToolbarItem.swift in Sources */ = {isa = PBXBuildFile; fileRef = 95D2A90C2AA7DEBC007FA769 /* ToolbarItem.swift */; };
		95D2A90F2AA7E317007FA769 /* Constants.swift in Sources */ = {isa = PBXBuildFile; fileRef = 95D2A90E2AA7E317007FA769 /* Constants.swift */; };
		95E2A8152AA652480088FD60 /* CalendarApp.swift in Sources */ = {isa = PBXBuildFile; fileRef = 95E2A8142AA652480088FD60 /* CalendarApp.swift */; };
		95E2A8172AA652480088FD60 /* ContentView.swift in Sources */ = {isa = PBXBuildFile; fileRef = 95E2A8162AA652480088FD60 /* ContentView.swift */; };
		95E2A8192AA652490088FD60 /* Assets.xcassets in Resources */ = {isa = PBXBuildFile; fileRef = 95E2A8182AA652490088FD60 /* Assets.xcassets */; };
		95E2A81C2AA652490088FD60 /* Preview Assets.xcassets in Resources */ = {isa = PBXBuildFile; fileRef = 95E2A81B2AA652490088FD60 /* Preview Assets.xcassets */; };
		95F8963D2AAA77E000D90B46 /* WeekView.swift in Sources */ = {isa = PBXBuildFile; fileRef = 95F8963C2AAA77E000D90B46 /* WeekView.swift */; };
/* End PBXBuildFile section */

/* Begin PBXFileReference section */
		95D2A9002AA67265007FA769 /* DayColumn.swift */ = {isa = PBXFileReference; lastKnownFileType = sourcecode.swift; path = DayColumn.swift; sourceTree = "<group>"; };
		95D2A9062AA7D203007FA769 /* DateEnumerator.swift */ = {isa = PBXFileReference; lastKnownFileType = sourcecode.swift; path = DateEnumerator.swift; sourceTree = "<group>"; };
		95D2A9082AA7D94F007FA769 /* CalendarView.swift */ = {isa = PBXFileReference; lastKnownFileType = sourcecode.swift; path = CalendarView.swift; sourceTree = "<group>"; };
		95D2A90A2AA7DC8B007FA769 /* SlotColumn.swift */ = {isa = PBXFileReference; lastKnownFileType = sourcecode.swift; path = SlotColumn.swift; sourceTree = "<group>"; };
		95D2A90C2AA7DEBC007FA769 /* ToolbarItem.swift */ = {isa = PBXFileReference; lastKnownFileType = sourcecode.swift; path = ToolbarItem.swift; sourceTree = "<group>"; };
		95D2A90E2AA7E317007FA769 /* Constants.swift */ = {isa = PBXFileReference; lastKnownFileType = sourcecode.swift; path = Constants.swift; sourceTree = "<group>"; };
		95E2A8112AA652480088FD60 /* Calendar.app */ = {isa = PBXFileReference; explicitFileType = wrapper.application; includeInIndex = 0; path = Calendar.app; sourceTree = BUILT_PRODUCTS_DIR; };
		95E2A8142AA652480088FD60 /* CalendarApp.swift */ = {isa = PBXFileReference; lastKnownFileType = sourcecode.swift; path = CalendarApp.swift; sourceTree = "<group>"; };
		95E2A8162AA652480088FD60 /* ContentView.swift */ = {isa = PBXFileReference; lastKnownFileType = sourcecode.swift; path = ContentView.swift; sourceTree = "<group>"; };
		95E2A8182AA652490088FD60 /* Assets.xcassets */ = {isa = PBXFileReference; lastKnownFileType = folder.assetcatalog; path = Assets.xcassets; sourceTree = "<group>"; };
		95E2A81B2AA652490088FD60 /* Preview Assets.xcassets */ = {isa = PBXFileReference; lastKnownFileType = folder.assetcatalog; path = "Preview Assets.xcassets"; sourceTree = "<group>"; };
		95E2A81D2AA652490088FD60 /* Calendar.entitlements */ = {isa = PBXFileReference; lastKnownFileType = text.plist.entitlements; path = Calendar.entitlements; sourceTree = "<group>"; };
		95F8963C2AAA77E000D90B46 /* WeekView.swift */ = {isa = PBXFileReference; lastKnownFileType = sourcecode.swift; path = WeekView.swift; sourceTree = "<group>"; };
/* End PBXFileReference section */

/* Begin PBXFrameworksBuildPhase section */
		95E2A80E2AA652480088FD60 /* Frameworks */ = {
			isa = PBXFrameworksBuildPhase;
			buildActionMask = 2147483647;
			files = (
				95D2A9042AA7D120007FA769 /* SwiftDate in Frameworks */,
			);
			runOnlyForDeploymentPostprocessing = 0;
		};
/* End PBXFrameworksBuildPhase section */

/* Begin PBXGroup section */
		95D2A8FE2AA670A5007FA769 /* Scenes */ = {
			isa = PBXGroup;
			children = (
			);
			path = Scenes;
			sourceTree = "<group>";
		};
		95D2A8FF2AA6724F007FA769 /* Calendar */ = {
			isa = PBXGroup;
			children = (
				95D2A9002AA67265007FA769 /* DayColumn.swift */,
				95D2A9082AA7D94F007FA769 /* CalendarView.swift */,
				95D2A90A2AA7DC8B007FA769 /* SlotColumn.swift */,
				95D2A90C2AA7DEBC007FA769 /* ToolbarItem.swift */,
				95F8963C2AAA77E000D90B46 /* WeekView.swift */,
			);
			path = Calendar;
			sourceTree = "<group>";
		};
		95D2A9052AA7D1F7007FA769 /* Library */ = {
			isa = PBXGroup;
			children = (
				95D2A9062AA7D203007FA769 /* DateEnumerator.swift */,
				95D2A90E2AA7E317007FA769 /* Constants.swift */,
			);
			path = Library;
			sourceTree = "<group>";
		};
		95E2A8082AA652480088FD60 = {
			isa = PBXGroup;
			children = (
				95E2A8132AA652480088FD60 /* Calendar */,
				95E2A8122AA652480088FD60 /* Products */,
			);
			sourceTree = "<group>";
		};
		95E2A8122AA652480088FD60 /* Products */ = {
			isa = PBXGroup;
			children = (
				95E2A8112AA652480088FD60 /* Calendar.app */,
			);
			name = Products;
			sourceTree = "<group>";
		};
		95E2A8132AA652480088FD60 /* Calendar */ = {
			isa = PBXGroup;
			children = (
				95D2A9052AA7D1F7007FA769 /* Library */,
				95D2A8FE2AA670A5007FA769 /* Scenes */,
				95E2A8232AA652B50088FD60 /* Components */,
				95E2A8142AA652480088FD60 /* CalendarApp.swift */,
				95E2A8162AA652480088FD60 /* ContentView.swift */,
				95E2A8182AA652490088FD60 /* Assets.xcassets */,
				95E2A81D2AA652490088FD60 /* Calendar.entitlements */,
				95E2A81A2AA652490088FD60 /* Preview Content */,
			);
			path = Calendar;
			sourceTree = "<group>";
		};
		95E2A81A2AA652490088FD60 /* Preview Content */ = {
			isa = PBXGroup;
			children = (
				95E2A81B2AA652490088FD60 /* Preview Assets.xcassets */,
			);
			path = "Preview Content";
			sourceTree = "<group>";
		};
		95E2A8232AA652B50088FD60 /* Components */ = {
			isa = PBXGroup;
			children = (
				95D2A8FF2AA6724F007FA769 /* Calendar */,
			);
			path = Components;
			sourceTree = "<group>";
		};
/* End PBXGroup section */

/* Begin PBXNativeTarget section */
		95E2A8102AA652480088FD60 /* Calendar */ = {
			isa = PBXNativeTarget;
			buildConfigurationList = 95E2A8202AA652490088FD60 /* Build configuration list for PBXNativeTarget "Calendar" */;
			buildPhases = (
				95E2A80D2AA652480088FD60 /* Sources */,
				95E2A80E2AA652480088FD60 /* Frameworks */,
				95E2A80F2AA652480088FD60 /* Resources */,
				95F8963E2AAA782B00D90B46 /* Run linter */,
			);
			buildRules = (
			);
			dependencies = (
			);
			name = Calendar;
			packageProductDependencies = (
				95D2A9032AA7D120007FA769 /* SwiftDate */,
			);
			productName = Calendar;
			productReference = 95E2A8112AA652480088FD60 /* Calendar.app */;
			productType = "com.apple.product-type.application";
		};
/* End PBXNativeTarget section */

/* Begin PBXProject section */
		95E2A8092AA652480088FD60 /* Project object */ = {
			isa = PBXProject;
			attributes = {
				BuildIndependentTargetsInParallel = 1;
				LastSwiftUpdateCheck = 1430;
				LastUpgradeCheck = 1430;
				TargetAttributes = {
					95E2A8102AA652480088FD60 = {
						CreatedOnToolsVersion = 14.3.1;
					};
				};
			};
			buildConfigurationList = 95E2A80C2AA652480088FD60 /* Build configuration list for PBXProject "Calendar" */;
			compatibilityVersion = "Xcode 14.0";
			developmentRegion = en;
			hasScannedForEncodings = 0;
			knownRegions = (
				en,
				Base,
			);
			mainGroup = 95E2A8082AA652480088FD60;
			packageReferences = (
				95D2A9022AA7D120007FA769 /* XCRemoteSwiftPackageReference "SwiftDate" */,
			);
			productRefGroup = 95E2A8122AA652480088FD60 /* Products */;
			projectDirPath = "";
			projectRoot = "";
			targets = (
				95E2A8102AA652480088FD60 /* Calendar */,
			);
		};
/* End PBXProject section */

/* Begin PBXResourcesBuildPhase section */
		95E2A80F2AA652480088FD60 /* Resources */ = {
			isa = PBXResourcesBuildPhase;
			buildActionMask = 2147483647;
			files = (
				95E2A81C2AA652490088FD60 /* Preview Assets.xcassets in Resources */,
				95E2A8192AA652490088FD60 /* Assets.xcassets in Resources */,
			);
			runOnlyForDeploymentPostprocessing = 0;
		};
/* End PBXResourcesBuildPhase section */

/* Begin PBXShellScriptBuildPhase section */
		95F8963E2AAA782B00D90B46 /* Run linter */ = {
			isa = PBXShellScriptBuildPhase;
			buildActionMask = 2147483647;
			files = (
			);
			inputFileListPaths = (
			);
			inputPaths = (
			);
			name = "Run linter";
			outputFileListPaths = (
			);
			outputPaths = (
			);
			runOnlyForDeploymentPostprocessing = 0;
			shellPath = /bin/sh;
			shellScript = "if [[ \"$(uname -m)\" == arm64 ]]; then\n  export PATH=\"/opt/homebrew/bin:$PATH\"\nfi\n\nif which swiftlint > /dev/null; then\n  swiftlint\nelse\n  echo \"warning: SwiftLint not installed, download from https://github.com/realm/SwiftLint\"\nfi\n";
		};
/* End PBXShellScriptBuildPhase section */

/* Begin PBXSourcesBuildPhase section */
		95E2A80D2AA652480088FD60 /* Sources */ = {
			isa = PBXSourcesBuildPhase;
			buildActionMask = 2147483647;
			files = (
				95D2A9092AA7D94F007FA769 /* CalendarView.swift in Sources */,
				95E2A8172AA652480088FD60 /* ContentView.swift in Sources */,
				95E2A8152AA652480088FD60 /* CalendarApp.swift in Sources */,
				95D2A90D2AA7DEBC007FA769 /* ToolbarItem.swift in Sources */,
				95D2A90B2AA7DC8B007FA769 /* SlotColumn.swift in Sources */,
				95D2A9012AA67265007FA769 /* DayColumn.swift in Sources */,
				95F8963D2AAA77E000D90B46 /* WeekView.swift in Sources */,
				95D2A9072AA7D203007FA769 /* DateEnumerator.swift in Sources */,
				95D2A90F2AA7E317007FA769 /* Constants.swift in Sources */,
			);
			runOnlyForDeploymentPostprocessing = 0;
		};
/* End PBXSourcesBuildPhase section */

/* Begin XCBuildConfiguration section */
		95E2A81E2AA652490088FD60 /* Debug */ = {
			isa = XCBuildConfiguration;
			buildSettings = {
				ALWAYS_SEARCH_USER_PATHS = NO;
				CLANG_ANALYZER_NONNULL = YES;
				CLANG_ANALYZER_NUMBER_OBJECT_CONVERSION = YES_AGGRESSIVE;
				CLANG_CXX_LANGUAGE_STANDARD = "gnu++20";
				CLANG_ENABLE_MODULES = YES;
				CLANG_ENABLE_OBJC_ARC = YES;
				CLANG_ENABLE_OBJC_WEAK = YES;
				CLANG_WARN_BLOCK_CAPTURE_AUTORELEASING = YES;
				CLANG_WARN_BOOL_CONVERSION = YES;
				CLANG_WARN_COMMA = YES;
				CLANG_WARN_CONSTANT_CONVERSION = YES;
				CLANG_WARN_DEPRECATED_OBJC_IMPLEMENTATIONS = YES;
				CLANG_WARN_DIRECT_OBJC_ISA_USAGE = YES_ERROR;
				CLANG_WARN_DOCUMENTATION_COMMENTS = YES;
				CLANG_WARN_EMPTY_BODY = YES;
				CLANG_WARN_ENUM_CONVERSION = YES;
				CLANG_WARN_INFINITE_RECURSION = YES;
				CLANG_WARN_INT_CONVERSION = YES;
				CLANG_WARN_NON_LITERAL_NULL_CONVERSION = YES;
				CLANG_WARN_OBJC_IMPLICIT_RETAIN_SELF = YES;
				CLANG_WARN_OBJC_LITERAL_CONVERSION = YES;
				CLANG_WARN_OBJC_ROOT_CLASS = YES_ERROR;
				CLANG_WARN_QUOTED_INCLUDE_IN_FRAMEWORK_HEADER = YES;
				CLANG_WARN_RANGE_LOOP_ANALYSIS = YES;
				CLANG_WARN_STRICT_PROTOTYPES = YES;
				CLANG_WARN_SUSPICIOUS_MOVE = YES;
				CLANG_WARN_UNGUARDED_AVAILABILITY = YES_AGGRESSIVE;
				CLANG_WARN_UNREACHABLE_CODE = YES;
				CLANG_WARN__DUPLICATE_METHOD_MATCH = YES;
				COPY_PHASE_STRIP = NO;
				DEBUG_INFORMATION_FORMAT = dwarf;
				ENABLE_STRICT_OBJC_MSGSEND = YES;
				ENABLE_TESTABILITY = YES;
				GCC_C_LANGUAGE_STANDARD = gnu11;
				GCC_DYNAMIC_NO_PIC = NO;
				GCC_NO_COMMON_BLOCKS = YES;
				GCC_OPTIMIZATION_LEVEL = 0;
				GCC_PREPROCESSOR_DEFINITIONS = (
					"DEBUG=1",
					"$(inherited)",
				);
				GCC_WARN_64_TO_32_BIT_CONVERSION = YES;
				GCC_WARN_ABOUT_RETURN_TYPE = YES_ERROR;
				GCC_WARN_UNDECLARED_SELECTOR = YES;
				GCC_WARN_UNINITIALIZED_AUTOS = YES_AGGRESSIVE;
				GCC_WARN_UNUSED_FUNCTION = YES;
				GCC_WARN_UNUSED_VARIABLE = YES;
				MACOSX_DEPLOYMENT_TARGET = 13.3;
				MTL_ENABLE_DEBUG_INFO = INCLUDE_SOURCE;
				MTL_FAST_MATH = YES;
				ONLY_ACTIVE_ARCH = YES;
				SDKROOT = macosx;
				SWIFT_ACTIVE_COMPILATION_CONDITIONS = DEBUG;
				SWIFT_OPTIMIZATION_LEVEL = "-Onone";
			};
			name = Debug;
		};
		95E2A81F2AA652490088FD60 /* Release */ = {
			isa = XCBuildConfiguration;
			buildSettings = {
				ALWAYS_SEARCH_USER_PATHS = NO;
				CLANG_ANALYZER_NONNULL = YES;
				CLANG_ANALYZER_NUMBER_OBJECT_CONVERSION = YES_AGGRESSIVE;
				CLANG_CXX_LANGUAGE_STANDARD = "gnu++20";
				CLANG_ENABLE_MODULES = YES;
				CLANG_ENABLE_OBJC_ARC = YES;
				CLANG_ENABLE_OBJC_WEAK = YES;
				CLANG_WARN_BLOCK_CAPTURE_AUTORELEASING = YES;
				CLANG_WARN_BOOL_CONVERSION = YES;
				CLANG_WARN_COMMA = YES;
				CLANG_WARN_CONSTANT_CONVERSION = YES;
				CLANG_WARN_DEPRECATED_OBJC_IMPLEMENTATIONS = YES;
				CLANG_WARN_DIRECT_OBJC_ISA_USAGE = YES_ERROR;
				CLANG_WARN_DOCUMENTATION_COMMENTS = YES;
				CLANG_WARN_EMPTY_BODY = YES;
				CLANG_WARN_ENUM_CONVERSION = YES;
				CLANG_WARN_INFINITE_RECURSION = YES;
				CLANG_WARN_INT_CONVERSION = YES;
				CLANG_WARN_NON_LITERAL_NULL_CONVERSION = YES;
				CLANG_WARN_OBJC_IMPLICIT_RETAIN_SELF = YES;
				CLANG_WARN_OBJC_LITERAL_CONVERSION = YES;
				CLANG_WARN_OBJC_ROOT_CLASS = YES_ERROR;
				CLANG_WARN_QUOTED_INCLUDE_IN_FRAMEWORK_HEADER = YES;
				CLANG_WARN_RANGE_LOOP_ANALYSIS = YES;
				CLANG_WARN_STRICT_PROTOTYPES = YES;
				CLANG_WARN_SUSPICIOUS_MOVE = YES;
				CLANG_WARN_UNGUARDED_AVAILABILITY = YES_AGGRESSIVE;
				CLANG_WARN_UNREACHABLE_CODE = YES;
				CLANG_WARN__DUPLICATE_METHOD_MATCH = YES;
				COPY_PHASE_STRIP = NO;
				DEBUG_INFORMATION_FORMAT = "dwarf-with-dsym";
				ENABLE_NS_ASSERTIONS = NO;
				ENABLE_STRICT_OBJC_MSGSEND = YES;
				GCC_C_LANGUAGE_STANDARD = gnu11;
				GCC_NO_COMMON_BLOCKS = YES;
				GCC_WARN_64_TO_32_BIT_CONVERSION = YES;
				GCC_WARN_ABOUT_RETURN_TYPE = YES_ERROR;
				GCC_WARN_UNDECLARED_SELECTOR = YES;
				GCC_WARN_UNINITIALIZED_AUTOS = YES_AGGRESSIVE;
				GCC_WARN_UNUSED_FUNCTION = YES;
				GCC_WARN_UNUSED_VARIABLE = YES;
				MACOSX_DEPLOYMENT_TARGET = 13.3;
				MTL_ENABLE_DEBUG_INFO = NO;
				MTL_FAST_MATH = YES;
				SDKROOT = macosx;
				SWIFT_COMPILATION_MODE = wholemodule;
				SWIFT_OPTIMIZATION_LEVEL = "-O";
			};
			name = Release;
		};
		95E2A8212AA652490088FD60 /* Debug */ = {
			isa = XCBuildConfiguration;
			buildSettings = {
				ASSETCATALOG_COMPILER_APPICON_NAME = AppIcon;
				ASSETCATALOG_COMPILER_GLOBAL_ACCENT_COLOR_NAME = AccentColor;
				CODE_SIGN_ENTITLEMENTS = Calendar/Calendar.entitlements;
				CODE_SIGN_STYLE = Automatic;
				COMBINE_HIDPI_IMAGES = YES;
				CURRENT_PROJECT_VERSION = 1;
				DEVELOPMENT_ASSET_PATHS = "\"Calendar/Preview Content\"";
				ENABLE_PREVIEWS = YES;
				GENERATE_INFOPLIST_FILE = YES;
				INFOPLIST_KEY_CFBundleDisplayName = Calendar;
				INFOPLIST_KEY_LSApplicationCategoryType = "public.app-category.productivity";
				INFOPLIST_KEY_NSHumanReadableCopyright = "";
				LD_RUNPATH_SEARCH_PATHS = (
					"$(inherited)",
					"@executable_path/../Frameworks",
				);
				MARKETING_VERSION = 1.0;
				PRODUCT_BUNDLE_IDENTIFIER = com.anonrig.Calendar;
				PRODUCT_NAME = "$(TARGET_NAME)";
				SWIFT_EMIT_LOC_STRINGS = YES;
				SWIFT_VERSION = 5.0;
			};
			name = Debug;
		};
		95E2A8222AA652490088FD60 /* Release */ = {
			isa = XCBuildConfiguration;
			buildSettings = {
				ASSETCATALOG_COMPILER_APPICON_NAME = AppIcon;
				ASSETCATALOG_COMPILER_GLOBAL_ACCENT_COLOR_NAME = AccentColor;
				CODE_SIGN_ENTITLEMENTS = Calendar/Calendar.entitlements;
				CODE_SIGN_STYLE = Automatic;
				COMBINE_HIDPI_IMAGES = YES;
				CURRENT_PROJECT_VERSION = 1;
				DEVELOPMENT_ASSET_PATHS = "\"Calendar/Preview Content\"";
				ENABLE_PREVIEWS = YES;
				GENERATE_INFOPLIST_FILE = YES;
				INFOPLIST_KEY_CFBundleDisplayName = Calendar;
				INFOPLIST_KEY_LSApplicationCategoryType = "public.app-category.productivity";
				INFOPLIST_KEY_NSHumanReadableCopyright = "";
				LD_RUNPATH_SEARCH_PATHS = (
					"$(inherited)",
					"@executable_path/../Frameworks",
				);
				MARKETING_VERSION = 1.0;
				PRODUCT_BUNDLE_IDENTIFIER = com.anonrig.Calendar;
				PRODUCT_NAME = "$(TARGET_NAME)";
				SWIFT_EMIT_LOC_STRINGS = YES;
				SWIFT_VERSION = 5.0;
			};
			name = Release;
		};
/* End XCBuildConfiguration section */

/* Begin XCConfigurationList section */
		95E2A80C2AA652480088FD60 /* Build configuration list for PBXProject "Calendar" */ = {
			isa = XCConfigurationList;
			buildConfigurations = (
				95E2A81E2AA652490088FD60 /* Debug */,
				95E2A81F2AA652490088FD60 /* Release */,
			);
			defaultConfigurationIsVisible = 0;
			defaultConfigurationName = Release;
		};
		95E2A8202AA652490088FD60 /* Build configuration list for PBXNativeTarget "Calendar" */ = {
			isa = XCConfigurationList;
			buildConfigurations = (
				95E2A8212AA652490088FD60 /* Debug */,
				95E2A8222AA652490088FD60 /* Release */,
			);
			defaultConfigurationIsVisible = 0;
			defaultConfigurationName = Release;
		};
/* End XCConfigurationList section */

/* Begin XCRemoteSwiftPackageReference section */
		95D2A9022AA7D120007FA769 /* XCRemoteSwiftPackageReference "SwiftDate" */ = {
			isa = XCRemoteSwiftPackageReference;
			repositoryURL = "https://github.com/malcommac/SwiftDate";
			requirement = {
				kind = upToNextMajorVersion;
				minimumVersion = 7.0.0;
			};
		};
/* End XCRemoteSwiftPackageReference section */

/* Begin XCSwiftPackageProductDependency section */
		95D2A9032AA7D120007FA769 /* SwiftDate */ = {
			isa = XCSwiftPackageProductDependency;
			package = 95D2A9022AA7D120007FA769 /* XCRemoteSwiftPackageReference "SwiftDate" */;
			productName = SwiftDate;
		};
/* End XCSwiftPackageProductDependency section */
	};
	rootObject = 95E2A8092AA652480088FD60 /* Project object */;
}
